// !$*UTF8*$!
{
	archiveVersion = 1;
	classes = {
	};
	objectVersion = 46;
	objects = {

/* Begin PBXBuildFile section */
		901A17D31E6EF18900ED9D77 /* AppDelegate.swift in Sources */ = {isa = PBXBuildFile; fileRef = 901A17D21E6EF18900ED9D77 /* AppDelegate.swift */; };
		901A17D51E6EF18900ED9D77 /* ViewController.swift in Sources */ = {isa = PBXBuildFile; fileRef = 901A17D41E6EF18900ED9D77 /* ViewController.swift */; };
		901A17D81E6EF18900ED9D77 /* Main.storyboard in Resources */ = {isa = PBXBuildFile; fileRef = 901A17D61E6EF18900ED9D77 /* Main.storyboard */; };
		901A17DA1E6EF18900ED9D77 /* Assets.xcassets in Resources */ = {isa = PBXBuildFile; fileRef = 901A17D91E6EF18900ED9D77 /* Assets.xcassets */; };
		901A17DD1E6EF18900ED9D77 /* LaunchScreen.storyboard in Resources */ = {isa = PBXBuildFile; fileRef = 901A17DB1E6EF18900ED9D77 /* LaunchScreen.storyboard */; };
		901A17E51E6EF3BA00ED9D77 /* pokemon.csv in Resources */ = {isa = PBXBuildFile; fileRef = 901A17E41E6EF3BA00ED9D77 /* pokemon.csv */; };
		901A17E81E6EF54700ED9D77 /* Pokemon.swift in Sources */ = {isa = PBXBuildFile; fileRef = 901A17E71E6EF54700ED9D77 /* Pokemon.swift */; };
		901A17ED1E6F038600ED9D77 /* csv.swift in Sources */ = {isa = PBXBuildFile; fileRef = 901A17EC1E6F038600ED9D77 /* csv.swift */; };
		901A17F01E6F069300ED9D77 /* Pokemon Hollow.ttf in Resources */ = {isa = PBXBuildFile; fileRef = 901A17EE1E6F069300ED9D77 /* Pokemon Hollow.ttf */; };
		901A17F11E6F069300ED9D77 /* Pokemon Solid.ttf in Resources */ = {isa = PBXBuildFile; fileRef = 901A17EF1E6F069300ED9D77 /* Pokemon Solid.ttf */; };
		901A17F61E6F085E00ED9D77 /* music.png in Resources */ = {isa = PBXBuildFile; fileRef = 901A17F51E6F085E00ED9D77 /* music.png */; };
		901A17F81E6F091800ED9D77 /* music.mp3 in Resources */ = {isa = PBXBuildFile; fileRef = 901A17F71E6F091800ED9D77 /* music.mp3 */; };
		901A17FA1E6F104600ED9D77 /* PokemonDetailVC.swift in Sources */ = {isa = PBXBuildFile; fileRef = 901A17F91E6F104600ED9D77 /* PokemonDetailVC.swift */; };
		9086C3C91E6F4E7A008CB536 /* PokeCell.swift in Sources */ = {isa = PBXBuildFile; fileRef = 9086C3C81E6F4E7A008CB536 /* PokeCell.swift */; };
/* End PBXBuildFile section */

/* Begin PBXFileReference section */
		901A17CF1E6EF18900ED9D77 /* Pokedex.app */ = {isa = PBXFileReference; explicitFileType = wrapper.application; includeInIndex = 0; path = Pokedex.app; sourceTree = BUILT_PRODUCTS_DIR; };
		901A17D21E6EF18900ED9D77 /* AppDelegate.swift */ = {isa = PBXFileReference; lastKnownFileType = sourcecode.swift; path = AppDelegate.swift; sourceTree = "<group>"; };
		901A17D41E6EF18900ED9D77 /* ViewController.swift */ = {isa = PBXFileReference; lastKnownFileType = sourcecode.swift; path = ViewController.swift; sourceTree = "<group>"; };
		901A17D71E6EF18900ED9D77 /* Base */ = {isa = PBXFileReference; lastKnownFileType = file.storyboard; name = Base; path = Base.lproj/Main.storyboard; sourceTree = "<group>"; };
		901A17D91E6EF18900ED9D77 /* Assets.xcassets */ = {isa = PBXFileReference; lastKnownFileType = folder.assetcatalog; path = Assets.xcassets; sourceTree = "<group>"; };
		901A17DC1E6EF18900ED9D77 /* Base */ = {isa = PBXFileReference; lastKnownFileType = file.storyboard; name = Base; path = Base.lproj/LaunchScreen.storyboard; sourceTree = "<group>"; };
		901A17DE1E6EF18900ED9D77 /* Info.plist */ = {isa = PBXFileReference; lastKnownFileType = text.plist.xml; path = Info.plist; sourceTree = "<group>"; };
		901A17E41E6EF3BA00ED9D77 /* pokemon.csv */ = {isa = PBXFileReference; fileEncoding = 4; lastKnownFileType = text; path = pokemon.csv; sourceTree = "<group>"; };
		901A17E71E6EF54700ED9D77 /* Pokemon.swift */ = {isa = PBXFileReference; fileEncoding = 4; lastKnownFileType = sourcecode.swift; path = Pokemon.swift; sourceTree = "<group>"; };
		901A17EC1E6F038600ED9D77 /* csv.swift */ = {isa = PBXFileReference; fileEncoding = 4; lastKnownFileType = sourcecode.swift; path = csv.swift; sourceTree = "<group>"; };
		901A17EE1E6F069300ED9D77 /* Pokemon Hollow.ttf */ = {isa = PBXFileReference; lastKnownFileType = file; path = "Pokemon Hollow.ttf"; sourceTree = "<group>"; };
		901A17EF1E6F069300ED9D77 /* Pokemon Solid.ttf */ = {isa = PBXFileReference; lastKnownFileType = file; path = "Pokemon Solid.ttf"; sourceTree = "<group>"; };
		901A17F51E6F085E00ED9D77 /* music.png */ = {isa = PBXFileReference; lastKnownFileType = image.png; path = music.png; sourceTree = "<group>"; };
		901A17F71E6F091800ED9D77 /* music.mp3 */ = {isa = PBXFileReference; lastKnownFileType = audio.mp3; path = music.mp3; sourceTree = "<group>"; };
		901A17F91E6F104600ED9D77 /* PokemonDetailVC.swift */ = {isa = PBXFileReference; fileEncoding = 4; lastKnownFileType = sourcecode.swift; path = PokemonDetailVC.swift; sourceTree = "<group>"; };
		9086C3C81E6F4E7A008CB536 /* PokeCell.swift */ = {isa = PBXFileReference; fileEncoding = 4; lastKnownFileType = sourcecode.swift; path = PokeCell.swift; sourceTree = "<group>"; };
/* End PBXFileReference section */

/* Begin PBXFrameworksBuildPhase section */
		901A17CC1E6EF18900ED9D77 /* Frameworks */ = {
			isa = PBXFrameworksBuildPhase;
			buildActionMask = 2147483647;
			files = (
			);
			runOnlyForDeploymentPostprocessing = 0;
		};
/* End PBXFrameworksBuildPhase section */

/* Begin PBXGroup section */
		901A17C61E6EF18900ED9D77 = {
			isa = PBXGroup;
			children = (
				901A17D11E6EF18900ED9D77 /* Pokedex */,
				901A17D01E6EF18900ED9D77 /* Products */,
			);
			sourceTree = "<group>";
		};
		901A17D01E6EF18900ED9D77 /* Products */ = {
			isa = PBXGroup;
			children = (
				901A17CF1E6EF18900ED9D77 /* Pokedex.app */,
			);
			name = Products;
			sourceTree = "<group>";
		};
		901A17D11E6EF18900ED9D77 /* Pokedex */ = {
			isa = PBXGroup;
			children = (
				901A17E61E6EF53400ED9D77 /* Model */,
				901A17F41E6F06C700ED9D77 /* Util */,
				901A17F31E6F06B000ED9D77 /* Resources */,
				901A17E91E6EFD8800ED9D77 /* View */,
				901A17F21E6F06A400ED9D77 /* Controller */,
				901A17D91E6EF18900ED9D77 /* Assets.xcassets */,
				901A17D21E6EF18900ED9D77 /* AppDelegate.swift */,
				901A17D61E6EF18900ED9D77 /* Main.storyboard */,
				901A17DB1E6EF18900ED9D77 /* LaunchScreen.storyboard */,
				901A17DE1E6EF18900ED9D77 /* Info.plist */,
			);
			path = Pokedex;
			sourceTree = "<group>";
		};
		901A17E61E6EF53400ED9D77 /* Model */ = {
			isa = PBXGroup;
			children = (
				901A17E71E6EF54700ED9D77 /* Pokemon.swift */,
			);
			name = Model;
			sourceTree = "<group>";
		};
		901A17E91E6EFD8800ED9D77 /* View */ = {
			isa = PBXGroup;
			children = (
				9086C3C81E6F4E7A008CB536 /* PokeCell.swift */,
			);
			name = View;
			sourceTree = "<group>";
		};
		901A17F21E6F06A400ED9D77 /* Controller */ = {
			isa = PBXGroup;
			children = (
				901A17D41E6EF18900ED9D77 /* ViewController.swift */,
				901A17F91E6F104600ED9D77 /* PokemonDetailVC.swift */,
			);
			name = Controller;
			sourceTree = "<group>";
		};
		901A17F31E6F06B000ED9D77 /* Resources */ = {
			isa = PBXGroup;
			children = (
				901A17F51E6F085E00ED9D77 /* music.png */,
				901A17F71E6F091800ED9D77 /* music.mp3 */,
				901A17EE1E6F069300ED9D77 /* Pokemon Hollow.ttf */,
				901A17EF1E6F069300ED9D77 /* Pokemon Solid.ttf */,
				901A17E41E6EF3BA00ED9D77 /* pokemon.csv */,
			);
			name = Resources;
			sourceTree = "<group>";
		};
		901A17F41E6F06C700ED9D77 /* Util */ = {
			isa = PBXGroup;
			children = (
				901A17EC1E6F038600ED9D77 /* csv.swift */,
			);
			name = Util;
			sourceTree = "<group>";
		};
/* End PBXGroup section */

/* Begin PBXNativeTarget section */
		901A17CE1E6EF18900ED9D77 /* Pokedex */ = {
			isa = PBXNativeTarget;
			buildConfigurationList = 901A17E11E6EF18900ED9D77 /* Build configuration list for PBXNativeTarget "Pokedex" */;
			buildPhases = (
				901A17CB1E6EF18900ED9D77 /* Sources */,
				901A17CC1E6EF18900ED9D77 /* Frameworks */,
				901A17CD1E6EF18900ED9D77 /* Resources */,
			);
			buildRules = (
			);
			dependencies = (
			);
			name = Pokedex;
			productName = Pokedex;
			productReference = 901A17CF1E6EF18900ED9D77 /* Pokedex.app */;
			productType = "com.apple.product-type.application";
		};
/* End PBXNativeTarget section */

/* Begin PBXProject section */
		901A17C71E6EF18900ED9D77 /* Project object */ = {
			isa = PBXProject;
			attributes = {
				LastSwiftUpdateCheck = 0820;
				LastUpgradeCheck = 0820;
				ORGANIZATIONNAME = "Johnny Nicholson";
				TargetAttributes = {
					901A17CE1E6EF18900ED9D77 = {
						CreatedOnToolsVersion = 8.2.1;
						DevelopmentTeam = F75A253YS5;
						LastSwiftMigration = 0820;
						ProvisioningStyle = Automatic;
					};
				};
			};
			buildConfigurationList = 901A17CA1E6EF18900ED9D77 /* Build configuration list for PBXProject "Pokedex" */;
			compatibilityVersion = "Xcode 3.2";
			developmentRegion = English;
			hasScannedForEncodings = 0;
			knownRegions = (
				en,
				Base,
			);
			mainGroup = 901A17C61E6EF18900ED9D77;
			productRefGroup = 901A17D01E6EF18900ED9D77 /* Products */;
			projectDirPath = "";
			projectRoot = "";
			targets = (
				901A17CE1E6EF18900ED9D77 /* Pokedex */,
			);
		};
/* End PBXProject section */

/* Begin PBXResourcesBuildPhase section */
		901A17CD1E6EF18900ED9D77 /* Resources */ = {
			isa = PBXResourcesBuildPhase;
			buildActionMask = 2147483647;
			files = (
				901A17F81E6F091800ED9D77 /* music.mp3 in Resources */,
				901A17DD1E6EF18900ED9D77 /* LaunchScreen.storyboard in Resources */,
				901A17F61E6F085E00ED9D77 /* music.png in Resources */,
				901A17DA1E6EF18900ED9D77 /* Assets.xcassets in Resources */,
				901A17F01E6F069300ED9D77 /* Pokemon Hollow.ttf in Resources */,
				901A17F11E6F069300ED9D77 /* Pokemon Solid.ttf in Resources */,
				901A17E51E6EF3BA00ED9D77 /* pokemon.csv in Resources */,
				901A17D81E6EF18900ED9D77 /* Main.storyboard in Resources */,
			);
			runOnlyForDeploymentPostprocessing = 0;
		};
/* End PBXResourcesBuildPhase section */

/* Begin PBXSourcesBuildPhase section */
		901A17CB1E6EF18900ED9D77 /* Sources */ = {
			isa = PBXSourcesBuildPhase;
			buildActionMask = 2147483647;
			files = (
				9086C3C91E6F4E7A008CB536 /* PokeCell.swift in Sources */,
				901A17D51E6EF18900ED9D77 /* ViewController.swift in Sources */,
				901A17D31E6EF18900ED9D77 /* AppDelegate.swift in Sources */,
				901A17FA1E6F104600ED9D77 /* PokemonDetailVC.swift in Sources */,
				901A17E81E6EF54700ED9D77 /* Pokemon.swift in Sources */,
				901A17ED1E6F038600ED9D77 /* csv.swift in Sources */,
			);
			runOnlyForDeploymentPostprocessing = 0;
		};
/* End PBXSourcesBuildPhase section */

/* Begin PBXVariantGroup section */
		901A17D61E6EF18900ED9D77 /* Main.storyboard */ = {
			isa = PBXVariantGroup;
			children = (
				901A17D71E6EF18900ED9D77 /* Base */,
			);
			name = Main.storyboard;
			sourceTree = "<group>";
		};
		901A17DB1E6EF18900ED9D77 /* LaunchScreen.storyboard */ = {
			isa = PBXVariantGroup;
			children = (
				901A17DC1E6EF18900ED9D77 /* Base */,
			);
			name = LaunchScreen.storyboard;
			sourceTree = "<group>";
		};
/* End PBXVariantGroup section */

/* Begin XCBuildConfiguration section */
		901A17DF1E6EF18900ED9D77 /* Debug */ = {
			isa = XCBuildConfiguration;
			buildSettings = {
				ALWAYS_SEARCH_USER_PATHS = NO;
				CLANG_ANALYZER_NONNULL = YES;
				CLANG_CXX_LANGUAGE_STANDARD = "gnu++0x";
				CLANG_CXX_LIBRARY = "libc++";
				CLANG_ENABLE_MODULES = YES;
				CLANG_ENABLE_OBJC_ARC = YES;
				CLANG_WARN_BOOL_CONVERSION = YES;
				CLANG_WARN_CONSTANT_CONVERSION = YES;
				CLANG_WARN_DIRECT_OBJC_ISA_USAGE = YES_ERROR;
				CLANG_WARN_DOCUMENTATION_COMMENTS = YES;
				CLANG_WARN_EMPTY_BODY = YES;
				CLANG_WARN_ENUM_CONVERSION = YES;
				CLANG_WARN_INFINITE_RECURSION = YES;
				CLANG_WARN_INT_CONVERSION = YES;
				CLANG_WARN_OBJC_ROOT_CLASS = YES_ERROR;
				CLANG_WARN_SUSPICIOUS_MOVE = YES;
				CLANG_WARN_UNREACHABLE_CODE = YES;
				CLANG_WARN__DUPLICATE_METHOD_MATCH = YES;
				"CODE_SIGN_IDENTITY[sdk=iphoneos*]" = "iPhone Developer";
				COPY_PHASE_STRIP = NO;
				DEBUG_INFORMATION_FORMAT = dwarf;
				ENABLE_STRICT_OBJC_MSGSEND = YES;
				ENABLE_TESTABILITY = YES;
				GCC_C_LANGUAGE_STANDARD = gnu99;
				GCC_DYNAMIC_NO_PIC = NO;
				GCC_NO_COMMON_BLOCKS = YES;
				GCC_OPTIMIZATION_LEVEL = 0;
				GCC_PREPROCESSOR_DEFINITIONS = (
					"DEBUG=1",
					"$(inherited)",
				);
				GCC_WARN_64_TO_32_BIT_CONVERSION = YES;
				GCC_WARN_ABOUT_RETURN_TYPE = YES_ERROR;
				GCC_WARN_UNDECLARED_SELECTOR = YES;
				GCC_WARN_UNINITIALIZED_AUTOS = YES_AGGRESSIVE;
				GCC_WARN_UNUSED_FUNCTION = YES;
				GCC_WARN_UNUSED_VARIABLE = YES;
				IPHONEOS_DEPLOYMENT_TARGET = 10.2;
				MTL_ENABLE_DEBUG_INFO = YES;
				ONLY_ACTIVE_ARCH = YES;
				SDKROOT = iphoneos;
				SWIFT_ACTIVE_COMPILATION_CONDITIONS = DEBUG;
				SWIFT_OPTIMIZATION_LEVEL = "-Onone";
				TARGETED_DEVICE_FAMILY = "1,2";
			};
			name = Debug;
		};
		901A17E01E6EF18900ED9D77 /* Release */ = {
			isa = XCBuildConfiguration;
			buildSettings = {
				ALWAYS_SEARCH_USER_PATHS = NO;
				CLANG_ANALYZER_NONNULL = YES;
				CLANG_CXX_LANGUAGE_STANDARD = "gnu++0x";
				CLANG_CXX_LIBRARY = "libc++";
				CLANG_ENABLE_MODULES = YES;
				CLANG_ENABLE_OBJC_ARC = YES;
				CLANG_WARN_BOOL_CONVERSION = YES;
				CLANG_WARN_CONSTANT_CONVERSION = YES;
				CLANG_WARN_DIRECT_OBJC_ISA_USAGE = YES_ERROR;
				CLANG_WARN_DOCUMENTATION_COMMENTS = YES;
				CLANG_WARN_EMPTY_BODY = YES;
				CLANG_WARN_ENUM_CONVERSION = YES;
				CLANG_WARN_INFINITE_RECURSION = YES;
				CLANG_WARN_INT_CONVERSION = YES;
				CLANG_WARN_OBJC_ROOT_CLASS = YES_ERROR;
				CLANG_WARN_SUSPICIOUS_MOVE = YES;
				CLANG_WARN_UNREACHABLE_CODE = YES;
				CLANG_WARN__DUPLICATE_METHOD_MATCH = YES;
				"CODE_SIGN_IDENTITY[sdk=iphoneos*]" = "iPhone Developer";
				COPY_PHASE_STRIP = NO;
				DEBUG_INFORMATION_FORMAT = "dwarf-with-dsym";
				ENABLE_NS_ASSERTIONS = NO;
				ENABLE_STRICT_OBJC_MSGSEND = YES;
				GCC_C_LANGUAGE_STANDARD = gnu99;
				GCC_NO_COMMON_BLOCKS = YES;
				GCC_WARN_64_TO_32_BIT_CONVERSION = YES;
				GCC_WARN_ABOUT_RETURN_TYPE = YES_ERROR;
				GCC_WARN_UNDECLARED_SELECTOR = YES;
				GCC_WARN_UNINITIALIZED_AUTOS = YES_AGGRESSIVE;
				GCC_WARN_UNUSED_FUNCTION = YES;
				GCC_WARN_UNUSED_VARIABLE = YES;
				IPHONEOS_DEPLOYMENT_TARGET = 10.2;
				MTL_ENABLE_DEBUG_INFO = NO;
				SDKROOT = iphoneos;
				SWIFT_OPTIMIZATION_LEVEL = "-Owholemodule";
				TARGETED_DEVICE_FAMILY = "1,2";
				VALIDATE_PRODUCT = YES;
			};
			name = Release;
		};
		901A17E21E6EF18900ED9D77 /* Debug */ = {
			isa = XCBuildConfiguration;
			buildSettings = {
				ASSETCATALOG_COMPILER_APPICON_NAME = AppIcon;
				DEVELOPMENT_TEAM = F75A253YS5;
				INFOPLIST_FILE = Pokedex/Info.plist;
				LD_RUNPATH_SEARCH_PATHS = "$(inherited) @executable_path/Frameworks";
				PRODUCT_BUNDLE_IDENTIFIER = com.SwiftTutorials.Pokedex;
				PRODUCT_NAME = "$(TARGET_NAME)";
				SWIFT_VERSION = 3.0;
			};
			name = Debug;
		};
		901A17E31E6EF18900ED9D77 /* Release */ = {
			isa = XCBuildConfiguration;
			buildSettings = {
				ASSETCATALOG_COMPILER_APPICON_NAME = AppIcon;
				DEVELOPMENT_TEAM = F75A253YS5;
				INFOPLIST_FILE = Pokedex/Info.plist;
				LD_RUNPATH_SEARCH_PATHS = "$(inherited) @executable_path/Frameworks";
				PRODUCT_BUNDLE_IDENTIFIER = com.SwiftTutorials.Pokedex;
				PRODUCT_NAME = "$(TARGET_NAME)";
				SWIFT_VERSION = 3.0;
			};
			name = Release;
		};
/* End XCBuildConfiguration section */

/* Begin XCConfigurationList section */
		901A17CA1E6EF18900ED9D77 /* Build configuration list for PBXProject "Pokedex" */ = {
			isa = XCConfigurationList;
			buildConfigurations = (
				901A17DF1E6EF18900ED9D77 /* Debug */,
				901A17E01E6EF18900ED9D77 /* Release */,
			);
			defaultConfigurationIsVisible = 0;
			defaultConfigurationName = Release;
		};
		901A17E11E6EF18900ED9D77 /* Build configuration list for PBXNativeTarget "Pokedex" */ = {
			isa = XCConfigurationList;
			buildConfigurations = (
				901A17E21E6EF18900ED9D77 /* Debug */,
				901A17E31E6EF18900ED9D77 /* Release */,
			);
			defaultConfigurationIsVisible = 0;
			defaultConfigurationName = Release;
		};
/* End XCConfigurationList section */
	};
	rootObject = 901A17C71E6EF18900ED9D77 /* Project object */;
}
